#MicroXplorer Configuration settings - do not modify
Mcu.Family=STM32L4
ProjectManager.MainLocation=Src
ADC1.RightBitShift=ADC_RIGHTBITSHIFT_NONE
USB_DEVICE.CLASS_NAME_FS=CDC
RCC.USART1Freq_Value=80000000
RCC.SAI1Freq_Value=13714285.714285715
RCC.CortexFreq_Value=80000000
Dma.ADC1.1.MemDataAlignment=DMA_MDATAALIGN_HALFWORD
ProjectManager.KeepUserCode=true
Mcu.UserName=STM32L476RGTx
ADC1.Overrun=ADC_OVR_DATA_OVERWRITTEN
RCC.PLLSAI1RoutputFreq_Value=12000000
ProjectManager.functionlistsort=1-MX_GPIO_Init-GPIO-false-HAL-true,2-MX_DMA_Init-DMA-false-HAL-true,3-SystemClock_Config-RCC-false-HAL-false,4-MX_ADC1_Init-ADC1-false-HAL-true,5-MX_DAC1_Init-DAC1-false-HAL-true,6-MX_USB_DEVICE_Init-USB_DEVICE-false-HAL-false,7-MX_TIM3_Init-TIM3-false-HAL-true
PA13\ (JTMS-SWDIO).Locked=true
PA11.Mode=Device_Only
RCC.USART2Freq_Value=80000000
PC15-OSC32_OUT\ (PC15).Mode=LSE-External-Oscillator
PC13.GPIO_Label=B1 [Blue PushButton]
PinOutPanel.RotationAngle=0
RCC.MCO1PinFreq_Value=80000000
RCC.SYSCLKSource=RCC_SYSCLKSOURCE_PLLCLK
ProjectManager.StackSize=0x400
PB3\ (JTDO-TRACESWO).Signal=SYS_JTDO-SWO
PC14-OSC32_IN\ (PC14).Mode=LSE-External-Oscillator
SH.GPXTI13.0=GPIO_EXTI13
PA14\ (JTCK-SWCLK).Signal=SYS_JTCK-SWCLK
RCC.I2C3Freq_Value=80000000
RCC.LPTIM1Freq_Value=80000000
Mcu.IP4=RCC
RCC.FCLKCortexFreq_Value=80000000
Mcu.IP5=SYS
Mcu.IP2=DMA
NVIC.SVCall_IRQn=true\:0\:0\:false\:false\:true\:false\:false
Mcu.IP3=NVIC
Mcu.IP0=ADC1
Mcu.IP1=DAC1
PA12.Signal=USB_OTG_FS_DP
Mcu.UserConstants=
RCC.VCOSAI1OutputFreq_Value=96000000
Dma.DAC_CH1.0.Instance=DMA2_Channel4
RCC.SDMMCFreq_Value=48000000
SH.GPXTI13.ConfNb=1
PA14\ (JTCK-SWCLK).GPIOParameters=GPIO_Label
Dma.ADC1.1.Instance=DMA1_Channel1
Mcu.ThirdPartyNb=0
RCC.HCLKFreq_Value=80000000
Mcu.IPNb=9
ProjectManager.PreviousToolchain=
RCC.APB2TimFreq_Value=80000000
TIM3.Period=0xffff
Dma.ADC1.1.PeriphDataAlignment=DMA_PDATAALIGN_HALFWORD
Mcu.Pin6=PA11
RCC.SAI2Freq_Value=13714285.714285715
Mcu.Pin7=PA12
Mcu.Pin8=PA13 (JTMS-SWDIO)
Mcu.Pin9=PA14 (JTCK-SWCLK)
RCC.AHBFreq_Value=80000000
Mcu.Pin0=PC13
Mcu.Pin1=PC14-OSC32_IN (PC14)
GPIO.groupedBy=Group By Peripherals
Mcu.Pin2=PC15-OSC32_OUT (PC15)
Mcu.Pin3=PC0
RCC.USART3Freq_Value=80000000
Mcu.Pin4=PA4
Mcu.Pin5=PA5
ProjectManager.ProjectBuild=false
RCC.HSE_VALUE=8000000
NVIC.UsageFault_IRQn=true\:0\:0\:false\:false\:true\:true\:false
NVIC.DebugMonitor_IRQn=true\:0\:0\:false\:false\:true\:true\:false
NVIC.SysTick_IRQn=true\:0\:0\:false\:false\:true\:true\:true
ProjectManager.FirmwarePackage=STM32Cube FW_L4 V1.15.1
MxDb.Version=DB.5.0.60
USB_DEVICE.USBD_SELF_POWERED=0
ProjectManager.BackupPrevious=false
RCC.VCOInputFreq_Value=8000000
Dma.ADC1.1.RequestParameters=Instance,Direction,PeriphInc,MemInc,PeriphDataAlignment,MemDataAlignment,Mode,Priority
NVIC.DMA2_Channel4_IRQn=true\:0\:0\:false\:false\:true\:false\:true
SH.ADCx_IN1.ConfNb=1
TIM3.Prescaler=798
PA5.GPIO_PuPd=GPIO_NOPULL
File.Version=6
Dma.ADC1.1.Priority=DMA_PRIORITY_MEDIUM
PC13.GPIO_PuPd=GPIO_NOPULL
Dma.DAC_CH1.0.PeriphDataAlignment=DMA_PDATAALIGN_HALFWORD
Dma.ADC1.1.Mode=DMA_CIRCULAR
RCC.PLLRCLKFreq_Value=80000000
NVIC.PendSV_IRQn=true\:0\:0\:false\:false\:true\:false\:false
Dma.RequestsNb=2
ProjectManager.HalAssertFull=false
ProjectManager.ProjectName=signalbox
Dma.DAC_CH1.0.RequestParameters=Instance,Direction,PeriphInc,MemInc,PeriphDataAlignment,MemDataAlignment,Mode,Priority
Mcu.Package=LQFP64
PA5.Locked=true
ADC1.OversamplingMode=ENABLE
Dma.ADC1.1.Direction=DMA_PERIPH_TO_MEMORY
NVIC.OTG_FS_IRQn=true\:0\:0\:false\:false\:true\:true\:true
ProjectManager.ToolChainLocation=
RCC.LSI_VALUE=32000
VP_SYS_VS_Systick.Signal=SYS_VS_Systick
Dma.ADC1.1.MemInc=DMA_MINC_ENABLE
RCC.LSCOPinFreq_Value=32000
USB_OTG_FS.VirtualMode=Device_Only
Dma.DAC_CH1.0.Priority=DMA_PRIORITY_LOW
ADC1.OffsetNumber-1\#ChannelRegularConversion=ADC_OFFSET_NONE
VP_USB_DEVICE_VS_USB_DEVICE_CDC_FS.Signal=USB_DEVICE_VS_USB_DEVICE_CDC_FS
RCC.DFSDMFreq_Value=80000000
PA5.GPIOParameters=GPIO_Speed,GPIO_PuPd,GPIO_Label,GPIO_ModeDefaultOutputPP
PC14-OSC32_IN\ (PC14).Locked=true
SH.ADCx_IN1.0=ADC1_IN1,IN1-Single-Ended
RCC.PLLPoutputFreq_Value=22857142.85714286
Dma.Request1=ADC1
RCC.APB1TimFreq_Value=80000000
NVIC.BusFault_IRQn=true\:0\:0\:false\:false\:true\:true\:false
RCC.LPUART1Freq_Value=80000000
USB_OTG_FS.IPParameters=VirtualMode,lpm_enable
PA13\ (JTMS-SWDIO).Signal=SYS_JTMS-SWDIO
Dma.Request0=DAC_CH1
SH.COMP_DAC11_group.ConfNb=1
PA13\ (JTMS-SWDIO).GPIOParameters=GPIO_Label
ADC1.EOCSelection=ADC_EOC_SEQ_CONV
ProjectManager.CustomerFirmwarePackage=
VP_TIM3_VS_ClockSourceINT.Mode=Internal
RCC.MSIClockRange=RCC_MSIRANGE_7
RCC.PLLSAI1R=RCC_PLLR_DIV8
PB3\ (JTDO-TRACESWO).Locked=true
RCC.PLLSAI1N=12
RCC.MSI_VALUE=8000000
PA14\ (JTCK-SWCLK).Mode=Trace_Asynchronous_SW
Dma.DAC_CH1.0.Mode=DMA_NORMAL
Dma.DAC_CH1.0.MemDataAlignment=DMA_MDATAALIGN_HALFWORD
RCC.PLLQoutputFreq_Value=80000000
ProjectManager.ProjectFileName=signalbox.ioc
Mcu.PinsNb=14
ProjectManager.NoMain=false
USB_DEVICE.VirtualModeFS=Cdc_FS
ADC1.IPParameters=Rank-1\#ChannelRegularConversion,master,Channel-1\#ChannelRegularConversion,SamplingTime-1\#ChannelRegularConversion,OffsetNumber-1\#ChannelRegularConversion,NbrOfConversionFlag,DataAlign,OversamplingMode,Ratio,RightBitShift,Overrun,ExternalTrigConv,NbrOfConversion,EOCSelection,DMAContinuousRequests
PC13.Locked=true
PC13.Signal=GPXTI13
RCC.SWPMI1Freq_Value=80000000
ProjectManager.DefaultFWLocation=true
PC15-OSC32_OUT\ (PC15).Signal=RCC_OSC32_OUT
PA14\ (JTCK-SWCLK).GPIO_Label=TCK
PB3\ (JTDO-TRACESWO).GPIO_Label=SWO
ProjectManager.DeletePrevious=true
PC0.Signal=ADCx_IN1
RCC.VCOSAI2OutputFreq_Value=64000000
boardIOC=true
USB_DEVICE.IPParameters=VirtualMode,VirtualModeFS,CLASS_NAME_FS,USBD_SELF_POWERED
RCC.FamilyName=M
Dma.DAC_CH1.0.Direction=DMA_MEMORY_TO_PERIPH
ProjectManager.TargetToolchain=Makefile
USB_OTG_FS.lpm_enable=ENABLE
SH.COMP_DAC11_group.0=DAC1_OUT1,DAC_OUT1
VP_USB_DEVICE_VS_USB_DEVICE_CDC_FS.Mode=CDC_FS
ADC1.Channel-1\#ChannelRegularConversion=ADC_CHANNEL_1
Dma.DAC_CH1.0.MemInc=DMA_MINC_ENABLE
PC15-OSC32_OUT\ (PC15).Locked=true
RCC.USBFreq_Value=48000000
VP_TIM3_VS_ClockSourceINT.Signal=TIM3_VS_ClockSourceINT
ADC1.Ratio=ADC_OVERSAMPLING_RATIO_16
RCC.PLLSAI1PoutputFreq_Value=13714285.714285715
RCC.PLLSAI2RoutputFreq_Value=32000000
PA5.Signal=GPIO_Output
board=NUCLEO-L476RG
RCC.VCOOutputFreq_Value=160000000
ProjectManager.LastFirmware=true
RCC.APB2Freq_Value=80000000
RCC.UART4Freq_Value=80000000
MxCube.Version=5.6.1
PB3\ (JTDO-TRACESWO).GPIOParameters=GPIO_Label
PA5.GPIO_ModeDefaultOutputPP=GPIO_MODE_OUTPUT_PP
PA13\ (JTMS-SWDIO).GPIO_Label=TMS
RCC.I2C1Freq_Value=80000000
PC13.GPIOParameters=GPIO_PuPd,GPIO_Label,GPIO_ModeDefaultEXTI
RCC.RNGFreq_Value=48000000
PB3\ (JTDO-TRACESWO).Mode=Trace_Asynchronous_SW
RCC.PLLSAI1QoutputFreq_Value=48000000
RCC.ADCFreq_Value=12000000
VP_SYS_VS_Systick.Mode=SysTick
TIM3.IPParameters=Prescaler,Period,TIM_MasterOutputTrigger
NVIC.NonMaskableInt_IRQn=true\:0\:0\:false\:false\:true\:true\:false
Dma.ADC1.1.PeriphInc=DMA_PINC_DISABLE
ADC1.DMAContinuousRequests=ENABLE
RCC.UART5Freq_Value=80000000
ADC1.NbrOfConversion=1
ProjectManager.FreePins=false
RCC.IPParameters=ADCFreq_Value,AHBFreq_Value,APB1Freq_Value,APB1TimFreq_Value,APB2Freq_Value,APB2TimFreq_Value,CortexFreq_Value,DFSDMFreq_Value,FCLKCortexFreq_Value,FamilyName,HCLKFreq_Value,HSE_VALUE,HSI_VALUE,I2C1Freq_Value,I2C2Freq_Value,I2C3Freq_Value,LPTIM1Freq_Value,LPTIM2Freq_Value,LPUART1Freq_Value,LSCOPinFreq_Value,LSI_VALUE,MCO1PinFreq_Value,MSIClockRange,MSI_VALUE,PLLN,PLLPoutputFreq_Value,PLLQoutputFreq_Value,PLLRCLKFreq_Value,PLLSAI1N,PLLSAI1PoutputFreq_Value,PLLSAI1QoutputFreq_Value,PLLSAI1R,PLLSAI1RoutputFreq_Value,PLLSAI2PoutputFreq_Value,PLLSAI2RoutputFreq_Value,PWRFreq_Value,RNGFreq_Value,SAI1Freq_Value,SAI2Freq_Value,SDMMCFreq_Value,SWPMI1Freq_Value,SYSCLKFreq_VALUE,SYSCLKSource,UART4Freq_Value,UART5Freq_Value,USART1Freq_Value,USART2Freq_Value,USART3Freq_Value,USBFreq_Value,VCOInputFreq_Value,VCOOutputFreq_Value,VCOSAI1OutputFreq_Value,VCOSAI2OutputFreq_Value
ProjectManager.AskForMigrate=true
Mcu.Name=STM32L476R(C-E-G)Tx
RCC.LPTIM2Freq_Value=80000000
ProjectManager.UnderRoot=false
Mcu.IP8=USB_OTG_FS
ADC1.ExternalTrigConv=ADC_EXTERNALTRIG_T3_TRGO
Mcu.IP6=TIM3
Mcu.IP7=USB_DEVICE
ProjectManager.CoupleFile=false
PA13\ (JTMS-SWDIO).Mode=Trace_Asynchronous_SW
Dma.DAC_CH1.0.PeriphInc=DMA_PINC_DISABLE
ADC1.SamplingTime-1\#ChannelRegularConversion=ADC_SAMPLETIME_24CYCLES_5
PA4.Signal=COMP_DAC11_group
RCC.SYSCLKFreq_VALUE=80000000
ADC1.master=1
PA12.Mode=Device_Only
PA5.GPIO_Label=LD2 [green Led]
PA14\ (JTCK-SWCLK).Locked=true
NVIC.ForceEnableDMAVector=true
RCC.PLLSAI2PoutputFreq_Value=9142857.142857144
KeepUserPlacement=false
PC13.GPIO_ModeDefaultEXTI=GPIO_MODE_IT_FALLING
PC14-OSC32_IN\ (PC14).Signal=RCC_OSC32_IN
NVIC.MemoryManagement_IRQn=true\:0\:0\:false\:false\:true\:true\:false
ProjectManager.CompilerOptimize=6
ADC1.Rank-1\#ChannelRegularConversion=1
PA11.Signal=USB_OTG_FS_DM
ProjectManager.HeapSize=0x200
NVIC.HardFault_IRQn=true\:0\:0\:false\:false\:true\:true\:false
Mcu.Pin13=VP_USB_DEVICE_VS_USB_DEVICE_CDC_FS
ProjectManager.ComputerToolchain=false
RCC.HSI_VALUE=16000000
PA5.GPIO_Speed=GPIO_SPEED_FREQ_LOW
NVIC.PriorityGroup=NVIC_PRIORITYGROUP_4
ADC1.NbrOfConversionFlag=1
Mcu.Pin11=VP_SYS_VS_Systick
Mcu.Pin12=VP_TIM3_VS_ClockSourceINT
RCC.PLLN=20
Mcu.Pin10=PB3 (JTDO-TRACESWO)
RCC.PWRFreq_Value=80000000
NVIC.DMA1_Channel1_IRQn=true\:0\:0\:false\:false\:true\:false\:true
TIM3.TIM_MasterOutputTrigger=TIM_TRGO_UPDATE
ADC1.DataAlign=ADC_DATAALIGN_RIGHT
RCC.I2C2Freq_Value=80000000
RCC.APB1Freq_Value=80000000
USB_DEVICE.VirtualMode=Cdc
ProjectManager.DeviceId=STM32L476RGTx
ProjectManager.LibraryCopy=0
